
Microsoft Visual Studio Solution File, Format Version 12.00
# Visual Studio Version 17
VisualStudioVersion = 17.0.31903.59
MinimumVisualStudioVersion = 10.0.40219.1
Project("{FAE04EC0-301F-11D3-BF4B-00C04F79EFBC}") = "ContosoPizza.Models", "Models\ContosoPizza.Models.csproj", "{FED151D5-78B8-4155-B976-470104BF294D}"
EndProject
Project("{FAE04EC0-301F-11D3-BF4B-00C04F79EFBC}") = "ContosoPizza.Data", "Data\ContosoPizza.Data.csproj", "{685ED998-F7AF-4315-84A7-D0B0A47ECCFC}"
EndProject
Project("{FAE04EC0-301F-11D3-BF4B-00C04F79EFBC}") = "ContosoPizza.Business", "Business\ContosoPizza.Business.csproj", "{BBE4F491-5B6E-455D-9AD3-E327B5568B98}"
EndProject
Project("{FAE04EC0-301F-11D3-BF4B-00C04F79EFBC}") = "ContosoPizza.API", "API\ContosoPizza.API.csproj", "{6E6666EB-7620-485D-891C-53C39588ACEC}"
EndProject
Global
	GlobalSection(SolutionConfigurationPlatforms) = preSolution
		Debug|Any CPU = Debug|Any CPU
		Release|Any CPU = Release|Any CPU
	EndGlobalSection
	GlobalSection(SolutionProperties) = preSolution
		HideSolutionNode = FALSE
	EndGlobalSection
	GlobalSection(ProjectConfigurationPlatforms) = postSolution
		{FED151D5-78B8-4155-B976-470104BF294D}.Debug|Any CPU.ActiveCfg = Debug|Any CPU
		{FED151D5-78B8-4155-B976-470104BF294D}.Debug|Any CPU.Build.0 = Debug|Any CPU
		{FED151D5-78B8-4155-B976-470104BF294D}.Release|Any CPU.ActiveCfg = Release|Any CPU
		{FED151D5-78B8-4155-B976-470104BF294D}.Release|Any CPU.Build.0 = Release|Any CPU
		{685ED998-F7AF-4315-84A7-D0B0A47ECCFC}.Debug|Any CPU.ActiveCfg = Debug|Any CPU
		{685ED998-F7AF-4315-84A7-D0B0A47ECCFC}.Debug|Any CPU.Build.0 = Debug|Any CPU
		{685ED998-F7AF-4315-84A7-D0B0A47ECCFC}.Release|Any CPU.ActiveCfg = Release|Any CPU
		{685ED998-F7AF-4315-84A7-D0B0A47ECCFC}.Release|Any CPU.Build.0 = Release|Any CPU
		{BBE4F491-5B6E-455D-9AD3-E327B5568B98}.Debug|Any CPU.ActiveCfg = Debug|Any CPU
		{BBE4F491-5B6E-455D-9AD3-E327B5568B98}.Debug|Any CPU.Build.0 = Debug|Any CPU
		{BBE4F491-5B6E-455D-9AD3-E327B5568B98}.Release|Any CPU.ActiveCfg = Release|Any CPU
		{BBE4F491-5B6E-455D-9AD3-E327B5568B98}.Release|Any CPU.Build.0 = Release|Any CPU
		{6E6666EB-7620-485D-891C-53C39588ACEC}.Debug|Any CPU.ActiveCfg = Debug|Any CPU
		{6E6666EB-7620-485D-891C-53C39588ACEC}.Debug|Any CPU.Build.0 = Debug|Any CPU
		{6E6666EB-7620-485D-891C-53C39588ACEC}.Release|Any CPU.ActiveCfg = Release|Any CPU
		{6E6666EB-7620-485D-891C-53C39588ACEC}.Release|Any CPU.Build.0 = Release|Any CPU
	EndGlobalSection
EndGlobal
