
Microsoft Visual Studio Solution File, Format Version 12.00
# Visual Studio Version 17
VisualStudioVersion = 17.0.31903.59
MinimumVisualStudioVersion = 10.0.40219.1
Project("{FAE04EC0-301F-11D3-BF4B-00C04F79EFBC}") = "ContosoPizza.Models", "Models\ContosoPizza.Models.csproj", "{1EAE62EB-9F15-490D-9DCB-0E730FA62CCF}"
EndProject
Project("{FAE04EC0-301F-11D3-BF4B-00C04F79EFBC}") = "ContosoPizza.Data", "Data\ContosoPizza.Data.csproj", "{FF498C01-A121-40B1-B8CB-4BBBB09CC689}"
EndProject
Project("{FAE04EC0-301F-11D3-BF4B-00C04F79EFBC}") = "ContosoPizza.Services", "Services\ContosoPizza.Services.csproj", "{5D9A5721-DAC6-4E72-9359-C3839A29733A}"
EndProject
Project("{FAE04EC0-301F-11D3-BF4B-00C04F79EFBC}") = "ContosoPizza.API", "API\ContosoPizza.API.csproj", "{0E69F950-8937-45B4-BF74-70BC95B3479F}"
EndProject
Global
	GlobalSection(SolutionConfigurationPlatforms) = preSolution
		Debug|Any CPU = Debug|Any CPU
		Release|Any CPU = Release|Any CPU
	EndGlobalSection
	GlobalSection(SolutionProperties) = preSolution
		HideSolutionNode = FALSE
	EndGlobalSection
	GlobalSection(ProjectConfigurationPlatforms) = postSolution
		{1EAE62EB-9F15-490D-9DCB-0E730FA62CCF}.Debug|Any CPU.ActiveCfg = Debug|Any CPU
		{1EAE62EB-9F15-490D-9DCB-0E730FA62CCF}.Debug|Any CPU.Build.0 = Debug|Any CPU
		{1EAE62EB-9F15-490D-9DCB-0E730FA62CCF}.Release|Any CPU.ActiveCfg = Release|Any CPU
		{1EAE62EB-9F15-490D-9DCB-0E730FA62CCF}.Release|Any CPU.Build.0 = Release|Any CPU
		{FF498C01-A121-40B1-B8CB-4BBBB09CC689}.Debug|Any CPU.ActiveCfg = Debug|Any CPU
		{FF498C01-A121-40B1-B8CB-4BBBB09CC689}.Debug|Any CPU.Build.0 = Debug|Any CPU
		{FF498C01-A121-40B1-B8CB-4BBBB09CC689}.Release|Any CPU.ActiveCfg = Release|Any CPU
		{FF498C01-A121-40B1-B8CB-4BBBB09CC689}.Release|Any CPU.Build.0 = Release|Any CPU
		{5D9A5721-DAC6-4E72-9359-C3839A29733A}.Debug|Any CPU.ActiveCfg = Debug|Any CPU
		{5D9A5721-DAC6-4E72-9359-C3839A29733A}.Debug|Any CPU.Build.0 = Debug|Any CPU
		{5D9A5721-DAC6-4E72-9359-C3839A29733A}.Release|Any CPU.ActiveCfg = Release|Any CPU
		{5D9A5721-DAC6-4E72-9359-C3839A29733A}.Release|Any CPU.Build.0 = Release|Any CPU
		{0E69F950-8937-45B4-BF74-70BC95B3479F}.Debug|Any CPU.ActiveCfg = Debug|Any CPU
		{0E69F950-8937-45B4-BF74-70BC95B3479F}.Debug|Any CPU.Build.0 = Debug|Any CPU
		{0E69F950-8937-45B4-BF74-70BC95B3479F}.Release|Any CPU.ActiveCfg = Release|Any CPU
		{0E69F950-8937-45B4-BF74-70BC95B3479F}.Release|Any CPU.Build.0 = Release|Any CPU
	EndGlobalSection
EndGlobal
